
Microsoft Visual Studio Solution File, Format Version 12.00
# Visual Studio 2013
VisualStudioVersion = 12.0.31101.0
MinimumVisualStudioVersion = 10.0.40219.1
Project("{FAE04EC0-301F-11D3-BF4B-00C04F79EFBC}") = "1. Runners Home page", "1. Runners Home page\1. Runners Home page.csproj", "{B57E1970-4EBC-42F1-806B-3FB8F3964659}"
EndProject
Project("{FAE04EC0-301F-11D3-BF4B-00C04F79EFBC}") = "2. Nested Lists", "2. Nested Lists\2. Nested Lists.csproj", "{870F96B6-A5FC-497C-BE73-400E84368802}"
EndProject
Project("{FAE04EC0-301F-11D3-BF4B-00C04F79EFBC}") = "3. Social Site", "3. Social Site\3. Social Site.csproj", "{2EE60017-D8E4-4068-B4AD-CCC41EFB27E5}"
EndProject
Global
	GlobalSection(SolutionConfigurationPlatforms) = preSolution
		Debug|Any CPU = Debug|Any CPU
		Release|Any CPU = Release|Any CPU
	EndGlobalSection
	GlobalSection(ProjectConfigurationPlatforms) = postSolution
		{B57E1970-4EBC-42F1-806B-3FB8F3964659}.Debug|Any CPU.ActiveCfg = Debug|Any CPU
		{B57E1970-4EBC-42F1-806B-3FB8F3964659}.Debug|Any CPU.Build.0 = Debug|Any CPU
		{B57E1970-4EBC-42F1-806B-3FB8F3964659}.Release|Any CPU.ActiveCfg = Release|Any CPU
		{B57E1970-4EBC-42F1-806B-3FB8F3964659}.Release|Any CPU.Build.0 = Release|Any CPU
		{870F96B6-A5FC-497C-BE73-400E84368802}.Debug|Any CPU.ActiveCfg = Debug|Any CPU
		{870F96B6-A5FC-497C-BE73-400E84368802}.Debug|Any CPU.Build.0 = Debug|Any CPU
		{870F96B6-A5FC-497C-BE73-400E84368802}.Release|Any CPU.ActiveCfg = Release|Any CPU
		{870F96B6-A5FC-497C-BE73-400E84368802}.Release|Any CPU.Build.0 = Release|Any CPU
		{2EE60017-D8E4-4068-B4AD-CCC41EFB27E5}.Debug|Any CPU.ActiveCfg = Debug|Any CPU
		{2EE60017-D8E4-4068-B4AD-CCC41EFB27E5}.Debug|Any CPU.Build.0 = Debug|Any CPU
		{2EE60017-D8E4-4068-B4AD-CCC41EFB27E5}.Release|Any CPU.ActiveCfg = Release|Any CPU
		{2EE60017-D8E4-4068-B4AD-CCC41EFB27E5}.Release|Any CPU.Build.0 = Release|Any CPU
	EndGlobalSection
	GlobalSection(SolutionProperties) = preSolution
		HideSolutionNode = FALSE
	EndGlobalSection
EndGlobal
