
Microsoft Visual Studio Solution File, Format Version 12.00
# Visual Studio 2013
VisualStudioVersion = 12.0.40629.0
MinimumVisualStudioVersion = 10.0.40219.1
Project("{FAE04EC0-301F-11D3-BF4B-00C04F79EFBC}") = "1. Tree", "1. Tree\1. Tree.csproj", "{37E8F2E9-7C73-43C0-9BCB-4A47F16EA9DC}"
EndProject
Global
	GlobalSection(SolutionConfigurationPlatforms) = preSolution
		Debug|Any CPU = Debug|Any CPU
		Release|Any CPU = Release|Any CPU
	EndGlobalSection
	GlobalSection(ProjectConfigurationPlatforms) = postSolution
		{37E8F2E9-7C73-43C0-9BCB-4A47F16EA9DC}.Debug|Any CPU.ActiveCfg = Debug|Any CPU
		{37E8F2E9-7C73-43C0-9BCB-4A47F16EA9DC}.Debug|Any CPU.Build.0 = Debug|Any CPU
		{37E8F2E9-7C73-43C0-9BCB-4A47F16EA9DC}.Release|Any CPU.ActiveCfg = Release|Any CPU
		{37E8F2E9-7C73-43C0-9BCB-4A47F16EA9DC}.Release|Any CPU.Build.0 = Release|Any CPU
	EndGlobalSection
	GlobalSection(SolutionProperties) = preSolution
		HideSolutionNode = FALSE
	EndGlobalSection
EndGlobal
