
Microsoft Visual Studio Solution File, Format Version 12.00
# Visual Studio 2013
VisualStudioVersion = 12.0.31101.0
MinimumVisualStudioVersion = 10.0.40219.1
Project("{FAE04EC0-301F-11D3-BF4B-00C04F79EFBC}") = "1. Lorem Ipsum page", "1. Lorem Ipsum page\1. Lorem Ipsum page.csproj", "{8149EAA0-BE72-4F7D-AE4E-A0B5EBDAD1E0}"
EndProject
Project("{FAE04EC0-301F-11D3-BF4B-00C04F79EFBC}") = "2. Forum Posts", "2. Forum Posts\2. Forum Posts.csproj", "{15B354B7-D87E-4FC4-850B-F26F30DA973C}"
EndProject
Project("{FAE04EC0-301F-11D3-BF4B-00C04F79EFBC}") = "3. Nested Divs", "3. Nested Divs\3. Nested Divs.csproj", "{2AD00D83-0C83-461D-A099-87B648920BD0}"
EndProject
Project("{FAE04EC0-301F-11D3-BF4B-00C04F79EFBC}") = "4. Windows Calculator", "4. Windows Calculator\4. Windows Calculator.csproj", "{7090BE81-204A-4D1E-AA84-30BF1F0F6DF1}"
EndProject
Global
	GlobalSection(SolutionConfigurationPlatforms) = preSolution
		Debug|Any CPU = Debug|Any CPU
		Release|Any CPU = Release|Any CPU
	EndGlobalSection
	GlobalSection(ProjectConfigurationPlatforms) = postSolution
		{8149EAA0-BE72-4F7D-AE4E-A0B5EBDAD1E0}.Debug|Any CPU.ActiveCfg = Debug|Any CPU
		{8149EAA0-BE72-4F7D-AE4E-A0B5EBDAD1E0}.Debug|Any CPU.Build.0 = Debug|Any CPU
		{8149EAA0-BE72-4F7D-AE4E-A0B5EBDAD1E0}.Release|Any CPU.ActiveCfg = Release|Any CPU
		{8149EAA0-BE72-4F7D-AE4E-A0B5EBDAD1E0}.Release|Any CPU.Build.0 = Release|Any CPU
		{15B354B7-D87E-4FC4-850B-F26F30DA973C}.Debug|Any CPU.ActiveCfg = Debug|Any CPU
		{15B354B7-D87E-4FC4-850B-F26F30DA973C}.Debug|Any CPU.Build.0 = Debug|Any CPU
		{15B354B7-D87E-4FC4-850B-F26F30DA973C}.Release|Any CPU.ActiveCfg = Release|Any CPU
		{15B354B7-D87E-4FC4-850B-F26F30DA973C}.Release|Any CPU.Build.0 = Release|Any CPU
		{2AD00D83-0C83-461D-A099-87B648920BD0}.Debug|Any CPU.ActiveCfg = Debug|Any CPU
		{2AD00D83-0C83-461D-A099-87B648920BD0}.Debug|Any CPU.Build.0 = Debug|Any CPU
		{2AD00D83-0C83-461D-A099-87B648920BD0}.Release|Any CPU.ActiveCfg = Release|Any CPU
		{2AD00D83-0C83-461D-A099-87B648920BD0}.Release|Any CPU.Build.0 = Release|Any CPU
		{7090BE81-204A-4D1E-AA84-30BF1F0F6DF1}.Debug|Any CPU.ActiveCfg = Debug|Any CPU
		{7090BE81-204A-4D1E-AA84-30BF1F0F6DF1}.Debug|Any CPU.Build.0 = Debug|Any CPU
		{7090BE81-204A-4D1E-AA84-30BF1F0F6DF1}.Release|Any CPU.ActiveCfg = Release|Any CPU
		{7090BE81-204A-4D1E-AA84-30BF1F0F6DF1}.Release|Any CPU.Build.0 = Release|Any CPU
	EndGlobalSection
	GlobalSection(SolutionProperties) = preSolution
		HideSolutionNode = FALSE
	EndGlobalSection
EndGlobal
