
Microsoft Visual Studio Solution File, Format Version 12.00
# Visual Studio 2013
VisualStudioVersion = 12.0.40629.0
MinimumVisualStudioVersion = 10.0.40219.1
Project("{FAE04EC0-301F-11D3-BF4B-00C04F79EFBC}") = "Poker", "Poker\Poker.csproj", "{266E8D2A-3433-4383-9966-A3EE62A27234}"
EndProject
Project("{FAE04EC0-301F-11D3-BF4B-00C04F79EFBC}") = "Poker.Tests", "Poker.Tests\Poker.Tests.csproj", "{FF6F6E5B-496C-4DB7-A0E2-D7C581668B4A}"
EndProject
Global
	GlobalSection(SolutionConfigurationPlatforms) = preSolution
		Debug|Any CPU = Debug|Any CPU
		Release|Any CPU = Release|Any CPU
	EndGlobalSection
	GlobalSection(ProjectConfigurationPlatforms) = postSolution
		{266E8D2A-3433-4383-9966-A3EE62A27234}.Debug|Any CPU.ActiveCfg = Debug|Any CPU
		{266E8D2A-3433-4383-9966-A3EE62A27234}.Debug|Any CPU.Build.0 = Debug|Any CPU
		{266E8D2A-3433-4383-9966-A3EE62A27234}.Release|Any CPU.ActiveCfg = Release|Any CPU
		{266E8D2A-3433-4383-9966-A3EE62A27234}.Release|Any CPU.Build.0 = Release|Any CPU
		{FF6F6E5B-496C-4DB7-A0E2-D7C581668B4A}.Debug|Any CPU.ActiveCfg = Debug|Any CPU
		{FF6F6E5B-496C-4DB7-A0E2-D7C581668B4A}.Debug|Any CPU.Build.0 = Debug|Any CPU
		{FF6F6E5B-496C-4DB7-A0E2-D7C581668B4A}.Release|Any CPU.ActiveCfg = Release|Any CPU
		{FF6F6E5B-496C-4DB7-A0E2-D7C581668B4A}.Release|Any CPU.Build.0 = Release|Any CPU
	EndGlobalSection
	GlobalSection(SolutionProperties) = preSolution
		HideSolutionNode = FALSE
	EndGlobalSection
EndGlobal
