
Microsoft Visual Studio Solution File, Format Version 12.00
# Visual Studio 2013
VisualStudioVersion = 12.0.40629.0
MinimumVisualStudioVersion = 10.0.40219.1
Project("{FAE04EC0-301F-11D3-BF4B-00C04F79EFBC}") = "Songs", "Songs\Songs.csproj", "{9219B26B-6EFC-49E4-8D01-FE24527B5D94}"
EndProject
Project("{FAE04EC0-301F-11D3-BF4B-00C04F79EFBC}") = "Divison", "Divison\Divison.csproj", "{BC8EAB23-74CA-4D64-AF64-6F4BF470B6BD}"
EndProject
Global
	GlobalSection(SolutionConfigurationPlatforms) = preSolution
		Debug|Any CPU = Debug|Any CPU
		Release|Any CPU = Release|Any CPU
	EndGlobalSection
	GlobalSection(ProjectConfigurationPlatforms) = postSolution
		{9219B26B-6EFC-49E4-8D01-FE24527B5D94}.Debug|Any CPU.ActiveCfg = Debug|Any CPU
		{9219B26B-6EFC-49E4-8D01-FE24527B5D94}.Debug|Any CPU.Build.0 = Debug|Any CPU
		{9219B26B-6EFC-49E4-8D01-FE24527B5D94}.Release|Any CPU.ActiveCfg = Release|Any CPU
		{9219B26B-6EFC-49E4-8D01-FE24527B5D94}.Release|Any CPU.Build.0 = Release|Any CPU
		{BC8EAB23-74CA-4D64-AF64-6F4BF470B6BD}.Debug|Any CPU.ActiveCfg = Debug|Any CPU
		{BC8EAB23-74CA-4D64-AF64-6F4BF470B6BD}.Debug|Any CPU.Build.0 = Debug|Any CPU
		{BC8EAB23-74CA-4D64-AF64-6F4BF470B6BD}.Release|Any CPU.ActiveCfg = Release|Any CPU
		{BC8EAB23-74CA-4D64-AF64-6F4BF470B6BD}.Release|Any CPU.Build.0 = Release|Any CPU
	EndGlobalSection
	GlobalSection(SolutionProperties) = preSolution
		HideSolutionNode = FALSE
	EndGlobalSection
EndGlobal
