
Microsoft Visual Studio Solution File, Format Version 12.00
# Visual Studio 2013
VisualStudioVersion = 12.0.31101.0
MinimumVisualStudioVersion = 10.0.40219.1
Project("{FAE04EC0-301F-11D3-BF4B-00C04F79EFBC}") = "1. Class Size in C sharp", "1. Class Size in C sharp\1. Class Size in C sharp.csproj", "{4772F4B3-1BB3-44B6-9224-AE4E31C6F157}"
EndProject
Project("{FAE04EC0-301F-11D3-BF4B-00C04F79EFBC}") = "2. Method PrintStatistics in C Sharp", "2. Method PrintStatistics in C Sharp\2. Method PrintStatistics in C Sharp.csproj", "{35779BD7-A0F9-4960-8536-EAE34DD195E4}"
EndProject
Global
	GlobalSection(SolutionConfigurationPlatforms) = preSolution
		Debug|Any CPU = Debug|Any CPU
		Release|Any CPU = Release|Any CPU
	EndGlobalSection
	GlobalSection(ProjectConfigurationPlatforms) = postSolution
		{4772F4B3-1BB3-44B6-9224-AE4E31C6F157}.Debug|Any CPU.ActiveCfg = Debug|Any CPU
		{4772F4B3-1BB3-44B6-9224-AE4E31C6F157}.Debug|Any CPU.Build.0 = Debug|Any CPU
		{4772F4B3-1BB3-44B6-9224-AE4E31C6F157}.Release|Any CPU.ActiveCfg = Release|Any CPU
		{4772F4B3-1BB3-44B6-9224-AE4E31C6F157}.Release|Any CPU.Build.0 = Release|Any CPU
		{35779BD7-A0F9-4960-8536-EAE34DD195E4}.Debug|Any CPU.ActiveCfg = Debug|Any CPU
		{35779BD7-A0F9-4960-8536-EAE34DD195E4}.Debug|Any CPU.Build.0 = Debug|Any CPU
		{35779BD7-A0F9-4960-8536-EAE34DD195E4}.Release|Any CPU.ActiveCfg = Release|Any CPU
		{35779BD7-A0F9-4960-8536-EAE34DD195E4}.Release|Any CPU.Build.0 = Release|Any CPU
	EndGlobalSection
	GlobalSection(SolutionProperties) = preSolution
		HideSolutionNode = FALSE
	EndGlobalSection
EndGlobal
