
Microsoft Visual Studio Solution File, Format Version 12.00
# Visual Studio 2013
VisualStudioVersion = 12.0.31101.0
MinimumVisualStudioVersion = 10.0.40219.1
Project("{FAE04EC0-301F-11D3-BF4B-00C04F79EFBC}") = "1. HTML Tables", "1. HTML Tables\1. HTML Tables.csproj", "{CBF535E2-B30A-4499-AA13-90226C681027}"
EndProject
Project("{FAE04EC0-301F-11D3-BF4B-00C04F79EFBC}") = "2. HTML Form", "2. HTML Form\2. HTML Form.csproj", "{EDEC4FED-076D-4EEA-8B00-EDA8D3E1042A}"
EndProject
Project("{FAE04EC0-301F-11D3-BF4B-00C04F79EFBC}") = "3. Calculator", "3. Calculator\3. Calculator.csproj", "{368729C8-98E0-4446-825F-524D0E046754}"
EndProject
Global
	GlobalSection(SolutionConfigurationPlatforms) = preSolution
		Debug|Any CPU = Debug|Any CPU
		Release|Any CPU = Release|Any CPU
	EndGlobalSection
	GlobalSection(ProjectConfigurationPlatforms) = postSolution
		{CBF535E2-B30A-4499-AA13-90226C681027}.Debug|Any CPU.ActiveCfg = Debug|Any CPU
		{CBF535E2-B30A-4499-AA13-90226C681027}.Debug|Any CPU.Build.0 = Debug|Any CPU
		{CBF535E2-B30A-4499-AA13-90226C681027}.Release|Any CPU.ActiveCfg = Release|Any CPU
		{CBF535E2-B30A-4499-AA13-90226C681027}.Release|Any CPU.Build.0 = Release|Any CPU
		{EDEC4FED-076D-4EEA-8B00-EDA8D3E1042A}.Debug|Any CPU.ActiveCfg = Debug|Any CPU
		{EDEC4FED-076D-4EEA-8B00-EDA8D3E1042A}.Debug|Any CPU.Build.0 = Debug|Any CPU
		{EDEC4FED-076D-4EEA-8B00-EDA8D3E1042A}.Release|Any CPU.ActiveCfg = Release|Any CPU
		{EDEC4FED-076D-4EEA-8B00-EDA8D3E1042A}.Release|Any CPU.Build.0 = Release|Any CPU
		{368729C8-98E0-4446-825F-524D0E046754}.Debug|Any CPU.ActiveCfg = Debug|Any CPU
		{368729C8-98E0-4446-825F-524D0E046754}.Debug|Any CPU.Build.0 = Debug|Any CPU
		{368729C8-98E0-4446-825F-524D0E046754}.Release|Any CPU.ActiveCfg = Release|Any CPU
		{368729C8-98E0-4446-825F-524D0E046754}.Release|Any CPU.Build.0 = Release|Any CPU
	EndGlobalSection
	GlobalSection(SolutionProperties) = preSolution
		HideSolutionNode = FALSE
	EndGlobalSection
EndGlobal
