
Microsoft Visual Studio Solution File, Format Version 12.00
# Visual Studio 2013
VisualStudioVersion = 12.0.40629.0
MinimumVisualStudioVersion = 10.0.40219.1
Project("{FAE04EC0-301F-11D3-BF4B-00C04F79EFBC}") = "1. Students and courses", "1. Students and courses\1. Students and courses.csproj", "{0A96A221-53BC-4E54-9308-48A6CE1DE6AF}"
EndProject
Project("{FAE04EC0-301F-11D3-BF4B-00C04F79EFBC}") = "1.1 StudentsAndCourses.Tests", "1.1 StudentsAndCourses.Tests\1.1 StudentsAndCourses.Tests.csproj", "{A63E27DB-7F35-4EF8-BA96-F3644B65B22B}"
EndProject
Project("{FAE04EC0-301F-11D3-BF4B-00C04F79EFBC}") = "2. DeckClass Nunit Test", "2. DeckClass Nunit Test\2. DeckClass Nunit Test.csproj", "{724CC597-9AEE-4A81-A99A-5775966273E9}"
EndProject
Global
	GlobalSection(SolutionConfigurationPlatforms) = preSolution
		Debug|Any CPU = Debug|Any CPU
		Release|Any CPU = Release|Any CPU
	EndGlobalSection
	GlobalSection(ProjectConfigurationPlatforms) = postSolution
		{0A96A221-53BC-4E54-9308-48A6CE1DE6AF}.Debug|Any CPU.ActiveCfg = Debug|Any CPU
		{0A96A221-53BC-4E54-9308-48A6CE1DE6AF}.Debug|Any CPU.Build.0 = Debug|Any CPU
		{0A96A221-53BC-4E54-9308-48A6CE1DE6AF}.Release|Any CPU.ActiveCfg = Release|Any CPU
		{0A96A221-53BC-4E54-9308-48A6CE1DE6AF}.Release|Any CPU.Build.0 = Release|Any CPU
		{A63E27DB-7F35-4EF8-BA96-F3644B65B22B}.Debug|Any CPU.ActiveCfg = Debug|Any CPU
		{A63E27DB-7F35-4EF8-BA96-F3644B65B22B}.Debug|Any CPU.Build.0 = Debug|Any CPU
		{A63E27DB-7F35-4EF8-BA96-F3644B65B22B}.Release|Any CPU.ActiveCfg = Release|Any CPU
		{A63E27DB-7F35-4EF8-BA96-F3644B65B22B}.Release|Any CPU.Build.0 = Release|Any CPU
		{724CC597-9AEE-4A81-A99A-5775966273E9}.Debug|Any CPU.ActiveCfg = Debug|Any CPU
		{724CC597-9AEE-4A81-A99A-5775966273E9}.Debug|Any CPU.Build.0 = Debug|Any CPU
		{724CC597-9AEE-4A81-A99A-5775966273E9}.Release|Any CPU.ActiveCfg = Release|Any CPU
		{724CC597-9AEE-4A81-A99A-5775966273E9}.Release|Any CPU.Build.0 = Release|Any CPU
	EndGlobalSection
	GlobalSection(SolutionProperties) = preSolution
		HideSolutionNode = FALSE
	EndGlobalSection
EndGlobal
